
Microsoft Visual Studio Solution File, Format Version 12.00
# Visual Studio Version 17
VisualStudioVersion = 17.14.36203.30 d17.14
MinimumVisualStudioVersion = 10.0.40219.1
Project("{FAE04EC0-301F-11D3-BF4B-00C04F79EFBC}") = "era-connection-fix", "era-connection-fix\era-connection-fix.csproj", "{4EF1FE20-93A1-4535-8854-C3458D30AEFA}"
EndProject
Global
	GlobalSection(SolutionConfigurationPlatforms) = preSolution
		Debug|Any CPU = Debug|Any CPU
		Release|Any CPU = Release|Any CPU
	EndGlobalSection
	GlobalSection(ProjectConfigurationPlatforms) = postSolution
		{4EF1FE20-93A1-4535-8854-C3458D30AEFA}.Debug|Any CPU.ActiveCfg = Debug|Any CPU
		{4EF1FE20-93A1-4535-8854-C3458D30AEFA}.Debug|Any CPU.Build.0 = Debug|Any CPU
		{4EF1FE20-93A1-4535-8854-C3458D30AEFA}.Release|Any CPU.ActiveCfg = Release|Any CPU
		{4EF1FE20-93A1-4535-8854-C3458D30AEFA}.Release|Any CPU.Build.0 = Release|Any CPU
	EndGlobalSection
	GlobalSection(SolutionProperties) = preSolution
		HideSolutionNode = FALSE
	EndGlobalSection
	GlobalSection(ExtensibilityGlobals) = postSolution
		SolutionGuid = {0AB8962F-DC23-4776-BBCC-0FC483A2450E}
	EndGlobalSection
EndGlobal
